{
  "version": 4,
  "terraform_version": "1.9.6",
  "serial": 9,
  "lineage": "7ff447b4-70a4-e297-a648-c5a9f3b166dd",
  "outputs": {},
  "resources": [
    {
      "mode": "managed",
      "type": "aws_vpc",
      "name": "my_vpc",
      "provider": "provider[\"registry.terraform.io/hashicorp/aws\"]",
      "instances": [
        {
          "schema_version": 1,
          "attributes": {
            "arn": "arn:aws:ec2:us-east-1:108782073661:vpc/vpc-012fbdea12f31a1e3",
            "assign_generated_ipv6_cidr_block": false,
            "cidr_block": "10.0.0.0/16",
            "default_network_acl_id": "acl-003313f39ab70529d",
            "default_route_table_id": "rtb-0f2c806d80d9e2e53",
            "default_security_group_id": "sg-0071e8e7c9e9562e2",
            "dhcp_options_id": "dopt-019daaf05eae07301",
            "enable_dns_hostnames": true,
            "enable_dns_support": true,
            "enable_network_address_usage_metrics": false,
            "id": "vpc-012fbdea12f31a1e3",
            "instance_tenancy": "default",
            "ipv4_ipam_pool_id": null,
            "ipv4_netmask_length": null,
            "ipv6_association_id": "",
            "ipv6_cidr_block": "",
            "ipv6_cidr_block_network_border_group": "",
            "ipv6_ipam_pool_id": "",
            "ipv6_netmask_length": 0,
            "main_route_table_id": "rtb-0f2c806d80d9e2e53",
            "owner_id": "108782073661",
            "tags": {
              "Name": "iti_vpc1"
            },
            "tags_all": {
              "Name": "iti_vpc1"
            }
          },
          "sensitive_attributes": [],
          "private": "eyJzY2hlbWFfdmVyc2lvbiI6IjEifQ=="
        }
      ]
    }
  ],
  "check_results": null
}
